
Microsoft Visual Studio Solution File, Format Version 12.00
# Visual Studio Version 17
VisualStudioVersion = 17.7.34024.191
MinimumVisualStudioVersion = 10.0.40219.1
Project("{F184B08F-C81C-45F6-A57F-5ABD9991F28F}") = "serv", "serv\serv.vbproj", "{8EBF9BDB-258B-404D-A0A9-263461FB6B5D}"
EndProject
Global
	GlobalSection(SolutionConfigurationPlatforms) = preSolution
		Debug|Any CPU = Debug|Any CPU
		Release|Any CPU = Release|Any CPU
	EndGlobalSection
	GlobalSection(ProjectConfigurationPlatforms) = postSolution
		{8EBF9BDB-258B-404D-A0A9-263461FB6B5D}.Debug|Any CPU.ActiveCfg = Debug|Any CPU
		{8EBF9BDB-258B-404D-A0A9-263461FB6B5D}.Debug|Any CPU.Build.0 = Debug|Any CPU
		{8EBF9BDB-258B-404D-A0A9-263461FB6B5D}.Release|Any CPU.ActiveCfg = Release|Any CPU
		{8EBF9BDB-258B-404D-A0A9-263461FB6B5D}.Release|Any CPU.Build.0 = Release|Any CPU
	EndGlobalSection
	GlobalSection(SolutionProperties) = preSolution
		HideSolutionNode = FALSE
	EndGlobalSection
	GlobalSection(ExtensibilityGlobals) = postSolution
		SolutionGuid = {F278E66D-7579-46A3-8503-A78897BC06D3}
	EndGlobalSection
EndGlobal
